{
  "name": "proto-bow-buddy",
  "version": "1.1.0",
  "lockfileVersion": 1,
  "requires": true,
  "dependencies": {
    "@types/cash": {
      "version": "0.0.1",
      "resolved": "https://registry.npmjs.org/@types/cash/-/cash-0.0.1.tgz",
      "integrity": "sha1-VYifNG49tqy4y5xkzDWAzx1tvxo="
    },
    "@types/jquery": {
      "version": "3.3.6",
      "resolved": "https://registry.npmjs.org/@types/jquery/-/jquery-3.3.6.tgz",
      "integrity": "sha512-403D4wN95Mtzt2EoQHARf5oe/jEPhzBOBNrunk+ydQGW8WmkQ/E8rViRAEB1qEt/vssfGfNVD6ujP4FVeegrLg=="
    },
    "@types/materialize-css": {
      "version": "1.0.4",
      "resolved": "https://registry.npmjs.org/@types/materialize-css/-/materialize-css-1.0.4.tgz",
      "integrity": "sha512-LTPtG9nTRB0OjGpwSqL2n1Nemr1cHnW1GHhuIuoWsTS4pBfiboO/aW7i9HF9cAIf73KLk5rSTY1xWh8tv78LSQ==",
      "requires": {
        "@types/cash": "*",
        "@types/jquery": "*"
      }
    },
    "jquery": {
      "version": "3.3.1",
      "resolved": "https://registry.npmjs.org/jquery/-/jquery-3.3.1.tgz",
      "integrity": "sha512-Ubldcmxp5np52/ENotGxlLe6aGMvmF4R8S6tZjsP6Knsaxd/xp3Zrh50cG93lR6nPXyUFwzN3ZSOQI0wRJNdGg=="
    },
    "materialize-css": {
      "version": "1.0.0",
      "resolved": "https://registry.npmjs.org/materialize-css/-/materialize-css-1.0.0.tgz",
      "integrity": "sha512-4/oecXl8y/1i8RDZvyvwAICyqwNoKU4or5uf8uoAd74k76KzZ0Llym4zhJ5lLNUskcqjO0AuMcvNyDkpz8Z6zw=="
    },
    "touch-dnd": {
      "version": "1.1.3",
      "resolved": "https://registry.npmjs.org/touch-dnd/-/touch-dnd-1.1.3.tgz",
      "integrity": "sha1-FpDWSAsyuh9EhwWVtv2asIFApaM="
    }
  }
}
